
Microsoft Visual Studio Solution File, Format Version 12.00
# Visual Studio 15
Project("{FAE04EC0-301F-11D3-BF4B-00C04F79EFBC}") = "MoreMountains.TopDownEngine", "MoreMountains.TopDownEngine.csproj", "{CAC9EAE0-F993-1307-3958-0D548AEAEA98}"
EndProject
Project("{FAE04EC0-301F-11D3-BF4B-00C04F79EFBC}") = "MoreMountains.Tools", "MoreMountains.Tools.csproj", "{E255F9FD-9A3B-B587-F409-B5842E28A7B6}"
EndProject
Project("{FAE04EC0-301F-11D3-BF4B-00C04F79EFBC}") = "MoreMountains.InventoryEngine", "MoreMountains.InventoryEngine.csproj", "{02DF2B3A-C9B6-836D-4B51-ABE7B1CE0314}"
EndProject
Project("{FAE04EC0-301F-11D3-BF4B-00C04F79EFBC}") = "MoreMountains.InventoryEngine.Editor", "MoreMountains.InventoryEngine.Editor.csproj", "{879001EC-A2CC-D658-ADA9-245E1007DF3D}"
EndProject
Project("{FAE04EC0-301F-11D3-BF4B-00C04F79EFBC}") = "MoreMountains.Tools.Editor", "MoreMountains.Tools.Editor.csproj", "{FF259882-A32B-34B5-51E6-4C703B3144A7}"
EndProject
Project("{FAE04EC0-301F-11D3-BF4B-00C04F79EFBC}") = "MoreMountains.TopDownEngine.Editor", "MoreMountains.TopDownEngine.Editor.csproj", "{77EFA39B-9AC9-332A-A7BC-6058444B3ED3}"
EndProject
Project("{FAE04EC0-301F-11D3-BF4B-00C04F79EFBC}") = "MoreMountains.Interface", "MoreMountains.Interface.csproj", "{44A26F27-5616-1531-BE71-975D89DE5311}"
EndProject
Project("{FAE04EC0-301F-11D3-BF4B-00C04F79EFBC}") = "MoreMountains.Interface.Editor", "MoreMountains.Interface.Editor.csproj", "{D459C66E-E092-E522-078D-63D577E424B5}"
EndProject
Global
	GlobalSection(SolutionConfigurationPlatforms) = preSolution
		Debug|Any CPU = Debug|Any CPU
		Release|Any CPU = Release|Any CPU
	EndGlobalSection
	GlobalSection(ProjectConfigurationPlatforms) = postSolution
		{CAC9EAE0-F993-1307-3958-0D548AEAEA98}.Debug|Any CPU.ActiveCfg = Debug|Any CPU
		{CAC9EAE0-F993-1307-3958-0D548AEAEA98}.Debug|Any CPU.Build.0 = Debug|Any CPU
		{CAC9EAE0-F993-1307-3958-0D548AEAEA98}.Release|Any CPU.ActiveCfg = Release|Any CPU
		{CAC9EAE0-F993-1307-3958-0D548AEAEA98}.Release|Any CPU.Build.0 = Release|Any CPU
		{E255F9FD-9A3B-B587-F409-B5842E28A7B6}.Debug|Any CPU.ActiveCfg = Debug|Any CPU
		{E255F9FD-9A3B-B587-F409-B5842E28A7B6}.Debug|Any CPU.Build.0 = Debug|Any CPU
		{E255F9FD-9A3B-B587-F409-B5842E28A7B6}.Release|Any CPU.ActiveCfg = Release|Any CPU
		{E255F9FD-9A3B-B587-F409-B5842E28A7B6}.Release|Any CPU.Build.0 = Release|Any CPU
		{02DF2B3A-C9B6-836D-4B51-ABE7B1CE0314}.Debug|Any CPU.ActiveCfg = Debug|Any CPU
		{02DF2B3A-C9B6-836D-4B51-ABE7B1CE0314}.Debug|Any CPU.Build.0 = Debug|Any CPU
		{02DF2B3A-C9B6-836D-4B51-ABE7B1CE0314}.Release|Any CPU.ActiveCfg = Release|Any CPU
		{02DF2B3A-C9B6-836D-4B51-ABE7B1CE0314}.Release|Any CPU.Build.0 = Release|Any CPU
		{879001EC-A2CC-D658-ADA9-245E1007DF3D}.Debug|Any CPU.ActiveCfg = Debug|Any CPU
		{879001EC-A2CC-D658-ADA9-245E1007DF3D}.Debug|Any CPU.Build.0 = Debug|Any CPU
		{879001EC-A2CC-D658-ADA9-245E1007DF3D}.Release|Any CPU.ActiveCfg = Release|Any CPU
		{879001EC-A2CC-D658-ADA9-245E1007DF3D}.Release|Any CPU.Build.0 = Release|Any CPU
		{FF259882-A32B-34B5-51E6-4C703B3144A7}.Debug|Any CPU.ActiveCfg = Debug|Any CPU
		{FF259882-A32B-34B5-51E6-4C703B3144A7}.Debug|Any CPU.Build.0 = Debug|Any CPU
		{FF259882-A32B-34B5-51E6-4C703B3144A7}.Release|Any CPU.ActiveCfg = Release|Any CPU
		{FF259882-A32B-34B5-51E6-4C703B3144A7}.Release|Any CPU.Build.0 = Release|Any CPU
		{77EFA39B-9AC9-332A-A7BC-6058444B3ED3}.Debug|Any CPU.ActiveCfg = Debug|Any CPU
		{77EFA39B-9AC9-332A-A7BC-6058444B3ED3}.Debug|Any CPU.Build.0 = Debug|Any CPU
		{77EFA39B-9AC9-332A-A7BC-6058444B3ED3}.Release|Any CPU.ActiveCfg = Release|Any CPU
		{77EFA39B-9AC9-332A-A7BC-6058444B3ED3}.Release|Any CPU.Build.0 = Release|Any CPU
		{44A26F27-5616-1531-BE71-975D89DE5311}.Debug|Any CPU.ActiveCfg = Debug|Any CPU
		{44A26F27-5616-1531-BE71-975D89DE5311}.Debug|Any CPU.Build.0 = Debug|Any CPU
		{44A26F27-5616-1531-BE71-975D89DE5311}.Release|Any CPU.ActiveCfg = Release|Any CPU
		{44A26F27-5616-1531-BE71-975D89DE5311}.Release|Any CPU.Build.0 = Release|Any CPU
		{D459C66E-E092-E522-078D-63D577E424B5}.Debug|Any CPU.ActiveCfg = Debug|Any CPU
		{D459C66E-E092-E522-078D-63D577E424B5}.Debug|Any CPU.Build.0 = Debug|Any CPU
		{D459C66E-E092-E522-078D-63D577E424B5}.Release|Any CPU.ActiveCfg = Release|Any CPU
		{D459C66E-E092-E522-078D-63D577E424B5}.Release|Any CPU.Build.0 = Release|Any CPU
	EndGlobalSection
	GlobalSection(SolutionProperties) = preSolution
		HideSolutionNode = FALSE
	EndGlobalSection
EndGlobal
